
Microsoft Visual Studio Solution File, Format Version 12.00
# Visual Studio Version 16
VisualStudioVersion = 16.0.30114.105
MinimumVisualStudioVersion = 10.0.40219.1
Project("{FAE04EC0-301F-11D3-BF4B-00C04F79EFBC}") = "SPA", "SPA\SPA.csproj", "{D55A87ED-50EA-4406-895A-2C253A630DF0}"
EndProject
Project("{FAE04EC0-301F-11D3-BF4B-00C04F79EFBC}") = "EFCore.Postgres", "EFCore.Postgres\EFCore.Postgres.csproj", "{6C6C5F85-884F-4490-B9A2-C9C8AC2EEC99}"
EndProject
Project("{FAE04EC0-301F-11D3-BF4B-00C04F79EFBC}") = "Tools.DataGenerator", "Tools.DataGenerator\Tools.DataGenerator.csproj", "{515ACA46-CBCE-4CB5-85F5-0A68ED25BDD7}"
EndProject
Project("{FAE04EC0-301F-11D3-BF4B-00C04F79EFBC}") = "EfCore.MigrationsTool", "EfCore.MigrationsTool\EfCore.MigrationsTool.csproj", "{AC34EE35-0480-43AE-9315-B55B0063A1F0}"
EndProject
Project("{FAE04EC0-301F-11D3-BF4B-00C04F79EFBC}") = "Tests.SPA", "Tests.SPA\Tests.SPA.csproj", "{3A8545EF-C25A-43C3-A269-67F51E87C86A}"
EndProject
Global
	GlobalSection(SolutionConfigurationPlatforms) = preSolution
		Debug|Any CPU = Debug|Any CPU
		Release|Any CPU = Release|Any CPU
	EndGlobalSection
	GlobalSection(SolutionProperties) = preSolution
		HideSolutionNode = FALSE
	EndGlobalSection
	GlobalSection(ProjectConfigurationPlatforms) = postSolution
		{D55A87ED-50EA-4406-895A-2C253A630DF0}.Debug|Any CPU.ActiveCfg = Debug|Any CPU
		{D55A87ED-50EA-4406-895A-2C253A630DF0}.Debug|Any CPU.Build.0 = Debug|Any CPU
		{D55A87ED-50EA-4406-895A-2C253A630DF0}.Release|Any CPU.ActiveCfg = Release|Any CPU
		{D55A87ED-50EA-4406-895A-2C253A630DF0}.Release|Any CPU.Build.0 = Release|Any CPU
		{6C6C5F85-884F-4490-B9A2-C9C8AC2EEC99}.Debug|Any CPU.ActiveCfg = Debug|Any CPU
		{6C6C5F85-884F-4490-B9A2-C9C8AC2EEC99}.Debug|Any CPU.Build.0 = Debug|Any CPU
		{6C6C5F85-884F-4490-B9A2-C9C8AC2EEC99}.Release|Any CPU.ActiveCfg = Release|Any CPU
		{6C6C5F85-884F-4490-B9A2-C9C8AC2EEC99}.Release|Any CPU.Build.0 = Release|Any CPU
		{515ACA46-CBCE-4CB5-85F5-0A68ED25BDD7}.Debug|Any CPU.ActiveCfg = Debug|Any CPU
		{515ACA46-CBCE-4CB5-85F5-0A68ED25BDD7}.Debug|Any CPU.Build.0 = Debug|Any CPU
		{515ACA46-CBCE-4CB5-85F5-0A68ED25BDD7}.Release|Any CPU.ActiveCfg = Release|Any CPU
		{515ACA46-CBCE-4CB5-85F5-0A68ED25BDD7}.Release|Any CPU.Build.0 = Release|Any CPU
		{AC34EE35-0480-43AE-9315-B55B0063A1F0}.Debug|Any CPU.ActiveCfg = Debug|Any CPU
		{AC34EE35-0480-43AE-9315-B55B0063A1F0}.Debug|Any CPU.Build.0 = Debug|Any CPU
		{AC34EE35-0480-43AE-9315-B55B0063A1F0}.Release|Any CPU.ActiveCfg = Release|Any CPU
		{AC34EE35-0480-43AE-9315-B55B0063A1F0}.Release|Any CPU.Build.0 = Release|Any CPU
		{3A8545EF-C25A-43C3-A269-67F51E87C86A}.Debug|Any CPU.ActiveCfg = Debug|Any CPU
		{3A8545EF-C25A-43C3-A269-67F51E87C86A}.Debug|Any CPU.Build.0 = Debug|Any CPU
		{3A8545EF-C25A-43C3-A269-67F51E87C86A}.Release|Any CPU.ActiveCfg = Release|Any CPU
		{3A8545EF-C25A-43C3-A269-67F51E87C86A}.Release|Any CPU.Build.0 = Release|Any CPU
	EndGlobalSection
EndGlobal
